
Microsoft Visual Studio Solution File, Format Version 12.00
# Visual Studio Version 17
VisualStudioVersion = 17.5.33516.290
MinimumVisualStudioVersion = 10.0.40219.1
Project("{2150E333-8FDC-42A3-9474-1A3956D46DE8}") = "src", "src", "{A8AD5B2E-E4B8-4448-855A-84E9CA0FE6A4}"
EndProject
Project("{2150E333-8FDC-42A3-9474-1A3956D46DE8}") = "test", "test", "{E0F3F531-D131-44FA-ACB9-8639A50A95E2}"
EndProject
Project("{2150E333-8FDC-42A3-9474-1A3956D46DE8}") = "API", "API", "{63927D20-9AD5-4D43-BC87-B76A39D4BAB9}"
EndProject
Project("{2150E333-8FDC-42A3-9474-1A3956D46DE8}") = "Core", "Core", "{5E0A8CCD-EDE6-4976-89FC-411E8E9EFDC7}"
EndProject
Project("{2150E333-8FDC-42A3-9474-1A3956D46DE8}") = "UI", "UI", "{C133D37C-6D5D-4476-8FB1-FD91E339EC29}"
EndProject
Project("{9A19103F-16F7-4668-BE54-9A1E7A4F7556}") = "Domain", "Domain\Domain.csproj", "{6FE562C3-5A1C-4C81-8367-D20AE588A387}"
EndProject
Project("{9A19103F-16F7-4668-BE54-9A1E7A4F7556}") = "Application", "Application\Application.csproj", "{EDE35D91-64A6-4027-9B33-8265872ED2CE}"
EndProject
Project("{2150E333-8FDC-42A3-9474-1A3956D46DE8}") = "Infrastructure", "Infrastructure", "{2B74BC8C-BAC3-42A0-98B5-E034DC134D1B}"
EndProject
Project("{9A19103F-16F7-4668-BE54-9A1E7A4F7556}") = "BackEnd_Infrastructure", "BackEnd_Infrastructure\BackEnd_Infrastructure.csproj", "{08345B94-A114-4E61-91A4-61D916E63353}"
EndProject
Project("{9A19103F-16F7-4668-BE54-9A1E7A4F7556}") = "BackEnd_Persistence", "BackEnd_Persistence\BackEnd_Persistence.csproj", "{649D5D0B-C77F-4C59-8366-F24B7B7D368A}"
EndProject
Project("{9A19103F-16F7-4668-BE54-9A1E7A4F7556}") = "BackEnd_API", "BackEnd_API\BackEnd_API.csproj", "{1D2B376A-8F6E-4EC9-8FCC-EA8DE340DE49}"
EndProject
Project("{9A19103F-16F7-4668-BE54-9A1E7A4F7556}") = "BackEnd_UnitTest", "BackEnd_UnitTest\BackEnd_UnitTest.csproj", "{5A43F389-2E66-4946-94C3-EDBAEE92DB5F}"
EndProject
Project("{9A19103F-16F7-4668-BE54-9A1E7A4F7556}") = "RealEstateUI", "RealEstateUI\RealEstateUI.csproj", "{6C20D393-4562-467F-8FC7-07CAD9004472}"
EndProject
Project("{9A19103F-16F7-4668-BE54-9A1E7A4F7556}") = "IntegrationTest", "IntegrationTest\IntegrationTest.csproj", "{FE8CB430-A42B-4FE1-8848-867F5C87E275}"
EndProject
Global
	GlobalSection(SolutionConfigurationPlatforms) = preSolution
		Debug|Any CPU = Debug|Any CPU
		Release|Any CPU = Release|Any CPU
	EndGlobalSection
	GlobalSection(ProjectConfigurationPlatforms) = postSolution
		{6FE562C3-5A1C-4C81-8367-D20AE588A387}.Debug|Any CPU.ActiveCfg = Debug|Any CPU
		{6FE562C3-5A1C-4C81-8367-D20AE588A387}.Debug|Any CPU.Build.0 = Debug|Any CPU
		{6FE562C3-5A1C-4C81-8367-D20AE588A387}.Release|Any CPU.ActiveCfg = Release|Any CPU
		{6FE562C3-5A1C-4C81-8367-D20AE588A387}.Release|Any CPU.Build.0 = Release|Any CPU
		{EDE35D91-64A6-4027-9B33-8265872ED2CE}.Debug|Any CPU.ActiveCfg = Debug|Any CPU
		{EDE35D91-64A6-4027-9B33-8265872ED2CE}.Debug|Any CPU.Build.0 = Debug|Any CPU
		{EDE35D91-64A6-4027-9B33-8265872ED2CE}.Release|Any CPU.ActiveCfg = Release|Any CPU
		{EDE35D91-64A6-4027-9B33-8265872ED2CE}.Release|Any CPU.Build.0 = Release|Any CPU
		{08345B94-A114-4E61-91A4-61D916E63353}.Debug|Any CPU.ActiveCfg = Debug|Any CPU
		{08345B94-A114-4E61-91A4-61D916E63353}.Debug|Any CPU.Build.0 = Debug|Any CPU
		{08345B94-A114-4E61-91A4-61D916E63353}.Release|Any CPU.ActiveCfg = Release|Any CPU
		{08345B94-A114-4E61-91A4-61D916E63353}.Release|Any CPU.Build.0 = Release|Any CPU
		{649D5D0B-C77F-4C59-8366-F24B7B7D368A}.Debug|Any CPU.ActiveCfg = Debug|Any CPU
		{649D5D0B-C77F-4C59-8366-F24B7B7D368A}.Debug|Any CPU.Build.0 = Debug|Any CPU
		{649D5D0B-C77F-4C59-8366-F24B7B7D368A}.Release|Any CPU.ActiveCfg = Release|Any CPU
		{649D5D0B-C77F-4C59-8366-F24B7B7D368A}.Release|Any CPU.Build.0 = Release|Any CPU
		{1D2B376A-8F6E-4EC9-8FCC-EA8DE340DE49}.Debug|Any CPU.ActiveCfg = Debug|Any CPU
		{1D2B376A-8F6E-4EC9-8FCC-EA8DE340DE49}.Debug|Any CPU.Build.0 = Debug|Any CPU
		{1D2B376A-8F6E-4EC9-8FCC-EA8DE340DE49}.Release|Any CPU.ActiveCfg = Release|Any CPU
		{1D2B376A-8F6E-4EC9-8FCC-EA8DE340DE49}.Release|Any CPU.Build.0 = Release|Any CPU
		{5A43F389-2E66-4946-94C3-EDBAEE92DB5F}.Debug|Any CPU.ActiveCfg = Debug|Any CPU
		{5A43F389-2E66-4946-94C3-EDBAEE92DB5F}.Debug|Any CPU.Build.0 = Debug|Any CPU
		{5A43F389-2E66-4946-94C3-EDBAEE92DB5F}.Release|Any CPU.ActiveCfg = Release|Any CPU
		{5A43F389-2E66-4946-94C3-EDBAEE92DB5F}.Release|Any CPU.Build.0 = Release|Any CPU
		{6C20D393-4562-467F-8FC7-07CAD9004472}.Debug|Any CPU.ActiveCfg = Debug|Any CPU
		{6C20D393-4562-467F-8FC7-07CAD9004472}.Debug|Any CPU.Build.0 = Debug|Any CPU
		{6C20D393-4562-467F-8FC7-07CAD9004472}.Release|Any CPU.ActiveCfg = Release|Any CPU
		{6C20D393-4562-467F-8FC7-07CAD9004472}.Release|Any CPU.Build.0 = Release|Any CPU
		{FE8CB430-A42B-4FE1-8848-867F5C87E275}.Debug|Any CPU.ActiveCfg = Debug|Any CPU
		{FE8CB430-A42B-4FE1-8848-867F5C87E275}.Debug|Any CPU.Build.0 = Debug|Any CPU
		{FE8CB430-A42B-4FE1-8848-867F5C87E275}.Release|Any CPU.ActiveCfg = Release|Any CPU
		{FE8CB430-A42B-4FE1-8848-867F5C87E275}.Release|Any CPU.Build.0 = Release|Any CPU
	EndGlobalSection
	GlobalSection(SolutionProperties) = preSolution
		HideSolutionNode = FALSE
	EndGlobalSection
	GlobalSection(NestedProjects) = preSolution
		{63927D20-9AD5-4D43-BC87-B76A39D4BAB9} = {A8AD5B2E-E4B8-4448-855A-84E9CA0FE6A4}
		{5E0A8CCD-EDE6-4976-89FC-411E8E9EFDC7} = {A8AD5B2E-E4B8-4448-855A-84E9CA0FE6A4}
		{C133D37C-6D5D-4476-8FB1-FD91E339EC29} = {A8AD5B2E-E4B8-4448-855A-84E9CA0FE6A4}
		{6FE562C3-5A1C-4C81-8367-D20AE588A387} = {5E0A8CCD-EDE6-4976-89FC-411E8E9EFDC7}
		{EDE35D91-64A6-4027-9B33-8265872ED2CE} = {5E0A8CCD-EDE6-4976-89FC-411E8E9EFDC7}
		{2B74BC8C-BAC3-42A0-98B5-E034DC134D1B} = {A8AD5B2E-E4B8-4448-855A-84E9CA0FE6A4}
		{08345B94-A114-4E61-91A4-61D916E63353} = {2B74BC8C-BAC3-42A0-98B5-E034DC134D1B}
		{649D5D0B-C77F-4C59-8366-F24B7B7D368A} = {2B74BC8C-BAC3-42A0-98B5-E034DC134D1B}
		{1D2B376A-8F6E-4EC9-8FCC-EA8DE340DE49} = {63927D20-9AD5-4D43-BC87-B76A39D4BAB9}
		{5A43F389-2E66-4946-94C3-EDBAEE92DB5F} = {E0F3F531-D131-44FA-ACB9-8639A50A95E2}
		{6C20D393-4562-467F-8FC7-07CAD9004472} = {C133D37C-6D5D-4476-8FB1-FD91E339EC29}
		{FE8CB430-A42B-4FE1-8848-867F5C87E275} = {E0F3F531-D131-44FA-ACB9-8639A50A95E2}
	EndGlobalSection
	GlobalSection(ExtensibilityGlobals) = postSolution
		SolutionGuid = {210C6656-77DB-46FE-BC33-AF5C45FC332D}
	EndGlobalSection
EndGlobal
